
Microsoft Visual Studio Solution File, Format Version 12.00
Project("{FAE04EC0-301F-11D3-BF4B-00C04F79EFBC}") = "StringSegment", "StringSegment\StringSegment.csproj", "{D6849AAE-A011-441D-9262-AC1E17F70877}"
EndProject
Global
	GlobalSection(SolutionConfigurationPlatforms) = preSolution
		Debug|Any CPU = Debug|Any CPU
		Release|Any CPU = Release|Any CPU
	EndGlobalSection
	GlobalSection(ProjectConfigurationPlatforms) = postSolution
		{D6849AAE-A011-441D-9262-AC1E17F70877}.Debug|Any CPU.ActiveCfg = Debug|Any CPU
		{D6849AAE-A011-441D-9262-AC1E17F70877}.Debug|Any CPU.Build.0 = Debug|Any CPU
		{D6849AAE-A011-441D-9262-AC1E17F70877}.Release|Any CPU.ActiveCfg = Release|Any CPU
		{D6849AAE-A011-441D-9262-AC1E17F70877}.Release|Any CPU.Build.0 = Release|Any CPU
	EndGlobalSection
EndGlobal
